
Microsoft Visual Studio Solution File, Format Version 12.00
# Visual Studio 15
VisualStudioVersion = 15.0.28010.2048
MinimumVisualStudioVersion = 10.0.40219.1
Project("{FAE04EC0-301F-11D3-BF4B-00C04F79EFBC}") = "23nov", "23nov\23nov.csproj", "{B8A8ECA4-6860-4D81-96EE-34B87DE5C211}"
EndProject
Global
	GlobalSection(SolutionConfigurationPlatforms) = preSolution
		Debug|Any CPU = Debug|Any CPU
		Release|Any CPU = Release|Any CPU
	EndGlobalSection
	GlobalSection(ProjectConfigurationPlatforms) = postSolution
		{B8A8ECA4-6860-4D81-96EE-34B87DE5C211}.Debug|Any CPU.ActiveCfg = Debug|Any CPU
		{B8A8ECA4-6860-4D81-96EE-34B87DE5C211}.Debug|Any CPU.Build.0 = Debug|Any CPU
		{B8A8ECA4-6860-4D81-96EE-34B87DE5C211}.Release|Any CPU.ActiveCfg = Release|Any CPU
		{B8A8ECA4-6860-4D81-96EE-34B87DE5C211}.Release|Any CPU.Build.0 = Release|Any CPU
	EndGlobalSection
	GlobalSection(SolutionProperties) = preSolution
		HideSolutionNode = FALSE
	EndGlobalSection
	GlobalSection(ExtensibilityGlobals) = postSolution
		SolutionGuid = {7AE85560-1C57-4139-81E4-790FE1B4088C}
	EndGlobalSection
EndGlobal
