
Microsoft Visual Studio Solution File, Format Version 12.00
# Visual Studio 15
VisualStudioVersion = 15.0.28010.2048
MinimumVisualStudioVersion = 10.0.40219.1
Project("{FAE04EC0-301F-11D3-BF4B-00C04F79EFBC}") = "OnlineExam", "OnlineExam\OnlineExam.csproj", "{F9F1E636-215A-482A-8132-F43B78518567}"
EndProject
Global
	GlobalSection(SolutionConfigurationPlatforms) = preSolution
		Debug|Any CPU = Debug|Any CPU
		Release|Any CPU = Release|Any CPU
	EndGlobalSection
	GlobalSection(ProjectConfigurationPlatforms) = postSolution
		{F9F1E636-215A-482A-8132-F43B78518567}.Debug|Any CPU.ActiveCfg = Debug|Any CPU
		{F9F1E636-215A-482A-8132-F43B78518567}.Debug|Any CPU.Build.0 = Debug|Any CPU
		{F9F1E636-215A-482A-8132-F43B78518567}.Release|Any CPU.ActiveCfg = Release|Any CPU
		{F9F1E636-215A-482A-8132-F43B78518567}.Release|Any CPU.Build.0 = Release|Any CPU
	EndGlobalSection
	GlobalSection(SolutionProperties) = preSolution
		HideSolutionNode = FALSE
	EndGlobalSection
	GlobalSection(ExtensibilityGlobals) = postSolution
		SolutionGuid = {C1628FC3-DA3D-45D1-92C6-85C529D8D588}
	EndGlobalSection
EndGlobal
