
Microsoft Visual Studio Solution File, Format Version 12.00
# Visual Studio 15
VisualStudioVersion = 15.0.28010.2048
MinimumVisualStudioVersion = 10.0.40219.1
Project("{FAE04EC0-301F-11D3-BF4B-00C04F79EFBC}") = "21NOV", "21NOV\21NOV.csproj", "{0B82025E-B0FA-418D-B623-8DD14296CE52}"
EndProject
Global
	GlobalSection(SolutionConfigurationPlatforms) = preSolution
		Debug|Any CPU = Debug|Any CPU
		Release|Any CPU = Release|Any CPU
	EndGlobalSection
	GlobalSection(ProjectConfigurationPlatforms) = postSolution
		{0B82025E-B0FA-418D-B623-8DD14296CE52}.Debug|Any CPU.ActiveCfg = Debug|Any CPU
		{0B82025E-B0FA-418D-B623-8DD14296CE52}.Debug|Any CPU.Build.0 = Debug|Any CPU
		{0B82025E-B0FA-418D-B623-8DD14296CE52}.Release|Any CPU.ActiveCfg = Release|Any CPU
		{0B82025E-B0FA-418D-B623-8DD14296CE52}.Release|Any CPU.Build.0 = Release|Any CPU
	EndGlobalSection
	GlobalSection(SolutionProperties) = preSolution
		HideSolutionNode = FALSE
	EndGlobalSection
	GlobalSection(ExtensibilityGlobals) = postSolution
		SolutionGuid = {F51A0F3D-497C-4CA0-988C-3D61C67890B2}
	EndGlobalSection
EndGlobal
