
Microsoft Visual Studio Solution File, Format Version 12.00
# Visual Studio 15
VisualStudioVersion = 15.0.28010.2048
MinimumVisualStudioVersion = 10.0.40219.1
Project("{FAE04EC0-301F-11D3-BF4B-00C04F79EFBC}") = "FirstMVC", "FirstMVC\FirstMVC.csproj", "{C7E4B95C-B73F-4B1D-97B8-B9B5FE60A599}"
EndProject
Global
	GlobalSection(SolutionConfigurationPlatforms) = preSolution
		Debug|Any CPU = Debug|Any CPU
		Release|Any CPU = Release|Any CPU
	EndGlobalSection
	GlobalSection(ProjectConfigurationPlatforms) = postSolution
		{C7E4B95C-B73F-4B1D-97B8-B9B5FE60A599}.Debug|Any CPU.ActiveCfg = Debug|Any CPU
		{C7E4B95C-B73F-4B1D-97B8-B9B5FE60A599}.Debug|Any CPU.Build.0 = Debug|Any CPU
		{C7E4B95C-B73F-4B1D-97B8-B9B5FE60A599}.Release|Any CPU.ActiveCfg = Release|Any CPU
		{C7E4B95C-B73F-4B1D-97B8-B9B5FE60A599}.Release|Any CPU.Build.0 = Release|Any CPU
	EndGlobalSection
	GlobalSection(SolutionProperties) = preSolution
		HideSolutionNode = FALSE
	EndGlobalSection
	GlobalSection(ExtensibilityGlobals) = postSolution
		SolutionGuid = {44AE2691-A528-4737-B848-A73DA3BA0966}
	EndGlobalSection
EndGlobal
