
Microsoft Visual Studio Solution File, Format Version 12.00
# Visual Studio 15
VisualStudioVersion = 15.0.28010.2048
MinimumVisualStudioVersion = 10.0.40219.1
Project("{FAE04EC0-301F-11D3-BF4B-00C04F79EFBC}") = "ForgotPassword", "ForgotPassword\ForgotPassword.csproj", "{398049E9-CD7D-4216-92A4-6D1BF1CFAEBC}"
EndProject
Global
	GlobalSection(SolutionConfigurationPlatforms) = preSolution
		Debug|Any CPU = Debug|Any CPU
		Release|Any CPU = Release|Any CPU
	EndGlobalSection
	GlobalSection(ProjectConfigurationPlatforms) = postSolution
		{398049E9-CD7D-4216-92A4-6D1BF1CFAEBC}.Debug|Any CPU.ActiveCfg = Debug|Any CPU
		{398049E9-CD7D-4216-92A4-6D1BF1CFAEBC}.Debug|Any CPU.Build.0 = Debug|Any CPU
		{398049E9-CD7D-4216-92A4-6D1BF1CFAEBC}.Release|Any CPU.ActiveCfg = Release|Any CPU
		{398049E9-CD7D-4216-92A4-6D1BF1CFAEBC}.Release|Any CPU.Build.0 = Release|Any CPU
	EndGlobalSection
	GlobalSection(SolutionProperties) = preSolution
		HideSolutionNode = FALSE
	EndGlobalSection
	GlobalSection(ExtensibilityGlobals) = postSolution
		SolutionGuid = {09E11ACE-622E-49E7-BAC1-2F10096879D6}
	EndGlobalSection
EndGlobal
